// !$*UTF8*$!
{
	archiveVersion = 1;
	classes = {
	};
	objectVersion = 50;
	objects = {

/* Begin PBXBuildFile section */
		6055DE13207D9280009D0D41 /* AppDelegate.swift in Sources */ = {isa = PBXBuildFile; fileRef = 6055DE12207D9280009D0D41 /* AppDelegate.swift */; };
		6055DE15207D9280009D0D41 /* ViewController.swift in Sources */ = {isa = PBXBuildFile; fileRef = 6055DE14207D9280009D0D41 /* ViewController.swift */; };
		6055DE18207D9280009D0D41 /* Main.storyboard in Resources */ = {isa = PBXBuildFile; fileRef = 6055DE16207D9280009D0D41 /* Main.storyboard */; };
		6055DE1B207D9280009D0D41 /* LiveWaves.xcdatamodeld in Sources */ = {isa = PBXBuildFile; fileRef = 6055DE19207D9280009D0D41 /* LiveWaves.xcdatamodeld */; };
		6055DE1D207D9283009D0D41 /* Assets.xcassets in Resources */ = {isa = PBXBuildFile; fileRef = 6055DE1C207D9283009D0D41 /* Assets.xcassets */; };
		6055DE20207D9283009D0D41 /* LaunchScreen.storyboard in Resources */ = {isa = PBXBuildFile; fileRef = 6055DE1E207D9283009D0D41 /* LaunchScreen.storyboard */; };
		6055DE2B207D9284009D0D41 /* LiveWavesTests.swift in Sources */ = {isa = PBXBuildFile; fileRef = 6055DE2A207D9284009D0D41 /* LiveWavesTests.swift */; };
		6055DE36207D9284009D0D41 /* LiveWavesUITests.swift in Sources */ = {isa = PBXBuildFile; fileRef = 6055DE35207D9284009D0D41 /* LiveWavesUITests.swift */; };
/* End PBXBuildFile section */

/* Begin PBXContainerItemProxy section */
		6055DE27207D9284009D0D41 /* PBXContainerItemProxy */ = {
			isa = PBXContainerItemProxy;
			containerPortal = 6055DE07207D9280009D0D41 /* Project object */;
			proxyType = 1;
			remoteGlobalIDString = 6055DE0E207D9280009D0D41;
			remoteInfo = LiveWaves;
		};
		6055DE32207D9284009D0D41 /* PBXContainerItemProxy */ = {
			isa = PBXContainerItemProxy;
			containerPortal = 6055DE07207D9280009D0D41 /* Project object */;
			proxyType = 1;
			remoteGlobalIDString = 6055DE0E207D9280009D0D41;
			remoteInfo = LiveWaves;
		};
/* End PBXContainerItemProxy section */

/* Begin PBXFileReference section */
		6055DE0F207D9280009D0D41 /* LiveWaves.app */ = {isa = PBXFileReference; explicitFileType = wrapper.application; includeInIndex = 0; path = LiveWaves.app; sourceTree = BUILT_PRODUCTS_DIR; };
		6055DE12207D9280009D0D41 /* AppDelegate.swift */ = {isa = PBXFileReference; lastKnownFileType = sourcecode.swift; path = AppDelegate.swift; sourceTree = "<group>"; };
		6055DE14207D9280009D0D41 /* ViewController.swift */ = {isa = PBXFileReference; lastKnownFileType = sourcecode.swift; path = ViewController.swift; sourceTree = "<group>"; };
		6055DE17207D9280009D0D41 /* Base */ = {isa = PBXFileReference; lastKnownFileType = file.storyboard; name = Base; path = Base.lproj/Main.storyboard; sourceTree = "<group>"; };
		6055DE1A207D9280009D0D41 /* LiveWaves.xcdatamodel */ = {isa = PBXFileReference; lastKnownFileType = wrapper.xcdatamodel; path = LiveWaves.xcdatamodel; sourceTree = "<group>"; };
		6055DE1C207D9283009D0D41 /* Assets.xcassets */ = {isa = PBXFileReference; lastKnownFileType = folder.assetcatalog; path = Assets.xcassets; sourceTree = "<group>"; };
		6055DE1F207D9283009D0D41 /* Base */ = {isa = PBXFileReference; lastKnownFileType = file.storyboard; name = Base; path = Base.lproj/LaunchScreen.storyboard; sourceTree = "<group>"; };
		6055DE21207D9283009D0D41 /* Info.plist */ = {isa = PBXFileReference; lastKnownFileType = text.plist.xml; path = Info.plist; sourceTree = "<group>"; };
		6055DE26207D9284009D0D41 /* LiveWavesTests.xctest */ = {isa = PBXFileReference; explicitFileType = wrapper.cfbundle; includeInIndex = 0; path = LiveWavesTests.xctest; sourceTree = BUILT_PRODUCTS_DIR; };
		6055DE2A207D9284009D0D41 /* LiveWavesTests.swift */ = {isa = PBXFileReference; lastKnownFileType = sourcecode.swift; path = LiveWavesTests.swift; sourceTree = "<group>"; };
		6055DE2C207D9284009D0D41 /* Info.plist */ = {isa = PBXFileReference; lastKnownFileType = text.plist.xml; path = Info.plist; sourceTree = "<group>"; };
		6055DE31207D9284009D0D41 /* LiveWavesUITests.xctest */ = {isa = PBXFileReference; explicitFileType = wrapper.cfbundle; includeInIndex = 0; path = LiveWavesUITests.xctest; sourceTree = BUILT_PRODUCTS_DIR; };
		6055DE35207D9284009D0D41 /* LiveWavesUITests.swift */ = {isa = PBXFileReference; lastKnownFileType = sourcecode.swift; path = LiveWavesUITests.swift; sourceTree = "<group>"; };
		6055DE37207D9284009D0D41 /* Info.plist */ = {isa = PBXFileReference; lastKnownFileType = text.plist.xml; path = Info.plist; sourceTree = "<group>"; };
/* End PBXFileReference section */

/* Begin PBXFrameworksBuildPhase section */
		6055DE0C207D9280009D0D41 /* Frameworks */ = {
			isa = PBXFrameworksBuildPhase;
			buildActionMask = 2147483647;
			files = (
			);
			runOnlyForDeploymentPostprocessing = 0;
		};
		6055DE23207D9284009D0D41 /* Frameworks */ = {
			isa = PBXFrameworksBuildPhase;
			buildActionMask = 2147483647;
			files = (
			);
			runOnlyForDeploymentPostprocessing = 0;
		};
		6055DE2E207D9284009D0D41 /* Frameworks */ = {
			isa = PBXFrameworksBuildPhase;
			buildActionMask = 2147483647;
			files = (
			);
			runOnlyForDeploymentPostprocessing = 0;
		};
/* End PBXFrameworksBuildPhase section */

/* Begin PBXGroup section */
		6055DE06207D9280009D0D41 = {
			isa = PBXGroup;
			children = (
				6055DE11207D9280009D0D41 /* LiveWaves */,
				6055DE29207D9284009D0D41 /* LiveWavesTests */,
				6055DE34207D9284009D0D41 /* LiveWavesUITests */,
				6055DE10207D9280009D0D41 /* Products */,
			);
			sourceTree = "<group>";
		};
		6055DE10207D9280009D0D41 /* Products */ = {
			isa = PBXGroup;
			children = (
				6055DE0F207D9280009D0D41 /* LiveWaves.app */,
				6055DE26207D9284009D0D41 /* LiveWavesTests.xctest */,
				6055DE31207D9284009D0D41 /* LiveWavesUITests.xctest */,
			);
			name = Products;
			sourceTree = "<group>";
		};
		6055DE11207D9280009D0D41 /* LiveWaves */ = {
			isa = PBXGroup;
			children = (
				6055DE12207D9280009D0D41 /* AppDelegate.swift */,
				6055DE14207D9280009D0D41 /* ViewController.swift */,
				6055DE16207D9280009D0D41 /* Main.storyboard */,
				6055DE1C207D9283009D0D41 /* Assets.xcassets */,
				6055DE1E207D9283009D0D41 /* LaunchScreen.storyboard */,
				6055DE21207D9283009D0D41 /* Info.plist */,
				6055DE19207D9280009D0D41 /* LiveWaves.xcdatamodeld */,
			);
			path = LiveWaves;
			sourceTree = "<group>";
		};
		6055DE29207D9284009D0D41 /* LiveWavesTests */ = {
			isa = PBXGroup;
			children = (
				6055DE2A207D9284009D0D41 /* LiveWavesTests.swift */,
				6055DE2C207D9284009D0D41 /* Info.plist */,
			);
			path = LiveWavesTests;
			sourceTree = "<group>";
		};
		6055DE34207D9284009D0D41 /* LiveWavesUITests */ = {
			isa = PBXGroup;
			children = (
				6055DE35207D9284009D0D41 /* LiveWavesUITests.swift */,
				6055DE37207D9284009D0D41 /* Info.plist */,
			);
			path = LiveWavesUITests;
			sourceTree = "<group>";
		};
/* End PBXGroup section */

/* Begin PBXNativeTarget section */
		6055DE0E207D9280009D0D41 /* LiveWaves */ = {
			isa = PBXNativeTarget;
			buildConfigurationList = 6055DE3A207D9284009D0D41 /* Build configuration list for PBXNativeTarget "LiveWaves" */;
			buildPhases = (
				6055DE0B207D9280009D0D41 /* Sources */,
				6055DE0C207D9280009D0D41 /* Frameworks */,
				6055DE0D207D9280009D0D41 /* Resources */,
			);
			buildRules = (
			);
			dependencies = (
			);
			name = LiveWaves;
			productName = LiveWaves;
			productReference = 6055DE0F207D9280009D0D41 /* LiveWaves.app */;
			productType = "com.apple.product-type.application";
		};
		6055DE25207D9284009D0D41 /* LiveWavesTests */ = {
			isa = PBXNativeTarget;
			buildConfigurationList = 6055DE3D207D9284009D0D41 /* Build configuration list for PBXNativeTarget "LiveWavesTests" */;
			buildPhases = (
				6055DE22207D9284009D0D41 /* Sources */,
				6055DE23207D9284009D0D41 /* Frameworks */,
				6055DE24207D9284009D0D41 /* Resources */,
			);
			buildRules = (
			);
			dependencies = (
				6055DE28207D9284009D0D41 /* PBXTargetDependency */,
			);
			name = LiveWavesTests;
			productName = LiveWavesTests;
			productReference = 6055DE26207D9284009D0D41 /* LiveWavesTests.xctest */;
			productType = "com.apple.product-type.bundle.unit-test";
		};
		6055DE30207D9284009D0D41 /* LiveWavesUITests */ = {
			isa = PBXNativeTarget;
			buildConfigurationList = 6055DE40207D9284009D0D41 /* Build configuration list for PBXNativeTarget "LiveWavesUITests" */;
			buildPhases = (
				6055DE2D207D9284009D0D41 /* Sources */,
				6055DE2E207D9284009D0D41 /* Frameworks */,
				6055DE2F207D9284009D0D41 /* Resources */,
			);
			buildRules = (
			);
			dependencies = (
				6055DE33207D9284009D0D41 /* PBXTargetDependency */,
			);
			name = LiveWavesUITests;
			productName = LiveWavesUITests;
			productReference = 6055DE31207D9284009D0D41 /* LiveWavesUITests.xctest */;
			productType = "com.apple.product-type.bundle.ui-testing";
		};
/* End PBXNativeTarget section */

/* Begin PBXProject section */
		6055DE07207D9280009D0D41 /* Project object */ = {
			isa = PBXProject;
			attributes = {
				LastSwiftUpdateCheck = 0930;
				LastUpgradeCheck = 0930;
				ORGANIZATIONNAME = Fr3qFly;
				TargetAttributes = {
					6055DE0E207D9280009D0D41 = {
						CreatedOnToolsVersion = 9.3;
					};
					6055DE25207D9284009D0D41 = {
						CreatedOnToolsVersion = 9.3;
						TestTargetID = 6055DE0E207D9280009D0D41;
					};
					6055DE30207D9284009D0D41 = {
						CreatedOnToolsVersion = 9.3;
						TestTargetID = 6055DE0E207D9280009D0D41;
					};
				};
			};
			buildConfigurationList = 6055DE0A207D9280009D0D41 /* Build configuration list for PBXProject "LiveWaves" */;
			compatibilityVersion = "Xcode 9.3";
			developmentRegion = en;
			hasScannedForEncodings = 0;
			knownRegions = (
				en,
				Base,
			);
			mainGroup = 6055DE06207D9280009D0D41;
			productRefGroup = 6055DE10207D9280009D0D41 /* Products */;
			projectDirPath = "";
			projectRoot = "";
			targets = (
				6055DE0E207D9280009D0D41 /* LiveWaves */,
				6055DE25207D9284009D0D41 /* LiveWavesTests */,
				6055DE30207D9284009D0D41 /* LiveWavesUITests */,
			);
		};
/* End PBXProject section */

/* Begin PBXResourcesBuildPhase section */
		6055DE0D207D9280009D0D41 /* Resources */ = {
			isa = PBXResourcesBuildPhase;
			buildActionMask = 2147483647;
			files = (
				6055DE20207D9283009D0D41 /* LaunchScreen.storyboard in Resources */,
				6055DE1D207D9283009D0D41 /* Assets.xcassets in Resources */,
				6055DE18207D9280009D0D41 /* Main.storyboard in Resources */,
			);
			runOnlyForDeploymentPostprocessing = 0;
		};
		6055DE24207D9284009D0D41 /* Resources */ = {
			isa = PBXResourcesBuildPhase;
			buildActionMask = 2147483647;
			files = (
			);
			runOnlyForDeploymentPostprocessing = 0;
		};
		6055DE2F207D9284009D0D41 /* Resources */ = {
			isa = PBXResourcesBuildPhase;
			buildActionMask = 2147483647;
			files = (
			);
			runOnlyForDeploymentPostprocessing = 0;
		};
/* End PBXResourcesBuildPhase section */

/* Begin PBXSourcesBuildPhase section */
		6055DE0B207D9280009D0D41 /* Sources */ = {
			isa = PBXSourcesBuildPhase;
			buildActionMask = 2147483647;
			files = (
				6055DE1B207D9280009D0D41 /* LiveWaves.xcdatamodeld in Sources */,
				6055DE15207D9280009D0D41 /* ViewController.swift in Sources */,
				6055DE13207D9280009D0D41 /* AppDelegate.swift in Sources */,
			);
			runOnlyForDeploymentPostprocessing = 0;
		};
		6055DE22207D9284009D0D41 /* Sources */ = {
			isa = PBXSourcesBuildPhase;
			buildActionMask = 2147483647;
			files = (
				6055DE2B207D9284009D0D41 /* LiveWavesTests.swift in Sources */,
			);
			runOnlyForDeploymentPostprocessing = 0;
		};
		6055DE2D207D9284009D0D41 /* Sources */ = {
			isa = PBXSourcesBuildPhase;
			buildActionMask = 2147483647;
			files = (
				6055DE36207D9284009D0D41 /* LiveWavesUITests.swift in Sources */,
			);
			runOnlyForDeploymentPostprocessing = 0;
		};
/* End PBXSourcesBuildPhase section */

/* Begin PBXTargetDependency section */
		6055DE28207D9284009D0D41 /* PBXTargetDependency */ = {
			isa = PBXTargetDependency;
			target = 6055DE0E207D9280009D0D41 /* LiveWaves */;
			targetProxy = 6055DE27207D9284009D0D41 /* PBXContainerItemProxy */;
		};
		6055DE33207D9284009D0D41 /* PBXTargetDependency */ = {
			isa = PBXTargetDependency;
			target = 6055DE0E207D9280009D0D41 /* LiveWaves */;
			targetProxy = 6055DE32207D9284009D0D41 /* PBXContainerItemProxy */;
		};
/* End PBXTargetDependency section */

/* Begin PBXVariantGroup section */
		6055DE16207D9280009D0D41 /* Main.storyboard */ = {
			isa = PBXVariantGroup;
			children = (
				6055DE17207D9280009D0D41 /* Base */,
			);
			name = Main.storyboard;
			sourceTree = "<group>";
		};
		6055DE1E207D9283009D0D41 /* LaunchScreen.storyboard */ = {
			isa = PBXVariantGroup;
			children = (
				6055DE1F207D9283009D0D41 /* Base */,
			);
			name = LaunchScreen.storyboard;
			sourceTree = "<group>";
		};
/* End PBXVariantGroup section */

/* Begin XCBuildConfiguration section */
		6055DE38207D9284009D0D41 /* Debug */ = {
			isa = XCBuildConfiguration;
			buildSettings = {
				ALWAYS_SEARCH_USER_PATHS = NO;
				CLANG_ANALYZER_NONNULL = YES;
				CLANG_ANALYZER_NUMBER_OBJECT_CONVERSION = YES_AGGRESSIVE;
				CLANG_CXX_LANGUAGE_STANDARD = "gnu++14";
				CLANG_CXX_LIBRARY = "libc++";
				CLANG_ENABLE_MODULES = YES;
				CLANG_ENABLE_OBJC_ARC = YES;
				CLANG_ENABLE_OBJC_WEAK = YES;
				CLANG_WARN_BLOCK_CAPTURE_AUTORELEASING = YES;
				CLANG_WARN_BOOL_CONVERSION = YES;
				CLANG_WARN_COMMA = YES;
				CLANG_WARN_CONSTANT_CONVERSION = YES;
				CLANG_WARN_DEPRECATED_OBJC_IMPLEMENTATIONS = YES;
				CLANG_WARN_DIRECT_OBJC_ISA_USAGE = YES_ERROR;
				CLANG_WARN_DOCUMENTATION_COMMENTS = YES;
				CLANG_WARN_EMPTY_BODY = YES;
				CLANG_WARN_ENUM_CONVERSION = YES;
				CLANG_WARN_INFINITE_RECURSION = YES;
				CLANG_WARN_INT_CONVERSION = YES;
				CLANG_WARN_NON_LITERAL_NULL_CONVERSION = YES;
				CLANG_WARN_OBJC_IMPLICIT_RETAIN_SELF = YES;
				CLANG_WARN_OBJC_LITERAL_CONVERSION = YES;
				CLANG_WARN_OBJC_ROOT_CLASS = YES_ERROR;
				CLANG_WARN_RANGE_LOOP_ANALYSIS = YES;
				CLANG_WARN_STRICT_PROTOTYPES = YES;
				CLANG_WARN_SUSPICIOUS_MOVE = YES;
				CLANG_WARN_UNGUARDED_AVAILABILITY = YES_AGGRESSIVE;
				CLANG_WARN_UNREACHABLE_CODE = YES;
				CLANG_WARN__DUPLICATE_METHOD_MATCH = YES;
				CODE_SIGN_IDENTITY = "iPhone Developer";
				COPY_PHASE_STRIP = NO;
				DEBUG_INFORMATION_FORMAT = dwarf;
				ENABLE_STRICT_OBJC_MSGSEND = YES;
				ENABLE_TESTABILITY = YES;
				GCC_C_LANGUAGE_STANDARD = gnu11;
				GCC_DYNAMIC_NO_PIC = NO;
				GCC_NO_COMMON_BLOCKS = YES;
				GCC_OPTIMIZATION_LEVEL = 0;
				GCC_PREPROCESSOR_DEFINITIONS = (
					"DEBUG=1",
					"$(inherited)",
				);
				GCC_WARN_64_TO_32_BIT_CONVERSION = YES;
				GCC_WARN_ABOUT_RETURN_TYPE = YES_ERROR;
				GCC_WARN_UNDECLARED_SELECTOR = YES;
				GCC_WARN_UNINITIALIZED_AUTOS = YES_AGGRESSIVE;
				GCC_WARN_UNUSED_FUNCTION = YES;
				GCC_WARN_UNUSED_VARIABLE = YES;
				IPHONEOS_DEPLOYMENT_TARGET = 11.3;
				MTL_ENABLE_DEBUG_INFO = YES;
				ONLY_ACTIVE_ARCH = YES;
				SDKROOT = iphoneos;
				SWIFT_ACTIVE_COMPILATION_CONDITIONS = DEBUG;
				SWIFT_OPTIMIZATION_LEVEL = "-Onone";
			};
			name = Debug;
		};
		6055DE39207D9284009D0D41 /* Release */ = {
			isa = XCBuildConfiguration;
			buildSettings = {
				ALWAYS_SEARCH_USER_PATHS = NO;
				CLANG_ANALYZER_NONNULL = YES;
				CLANG_ANALYZER_NUMBER_OBJECT_CONVERSION = YES_AGGRESSIVE;
				CLANG_CXX_LANGUAGE_STANDARD = "gnu++14";
				CLANG_CXX_LIBRARY = "libc++";
				CLANG_ENABLE_MODULES = YES;
				CLANG_ENABLE_OBJC_ARC = YES;
				CLANG_ENABLE_OBJC_WEAK = YES;
				CLANG_WARN_BLOCK_CAPTURE_AUTORELEASING = YES;
				CLANG_WARN_BOOL_CONVERSION = YES;
				CLANG_WARN_COMMA = YES;
				CLANG_WARN_CONSTANT_CONVERSION = YES;
				CLANG_WARN_DEPRECATED_OBJC_IMPLEMENTATIONS = YES;
				CLANG_WARN_DIRECT_OBJC_ISA_USAGE = YES_ERROR;
				CLANG_WARN_DOCUMENTATION_COMMENTS = YES;
				CLANG_WARN_EMPTY_BODY = YES;
				CLANG_WARN_ENUM_CONVERSION = YES;
				CLANG_WARN_INFINITE_RECURSION = YES;
				CLANG_WARN_INT_CONVERSION = YES;
				CLANG_WARN_NON_LITERAL_NULL_CONVERSION = YES;
				CLANG_WARN_OBJC_IMPLICIT_RETAIN_SELF = YES;
				CLANG_WARN_OBJC_LITERAL_CONVERSION = YES;
				CLANG_WARN_OBJC_ROOT_CLASS = YES_ERROR;
				CLANG_WARN_RANGE_LOOP_ANALYSIS = YES;
				CLANG_WARN_STRICT_PROTOTYPES = YES;
				CLANG_WARN_SUSPICIOUS_MOVE = YES;
				CLANG_WARN_UNGUARDED_AVAILABILITY = YES_AGGRESSIVE;
				CLANG_WARN_UNREACHABLE_CODE = YES;
				CLANG_WARN__DUPLICATE_METHOD_MATCH = YES;
				CODE_SIGN_IDENTITY = "iPhone Developer";
				COPY_PHASE_STRIP = NO;
				DEBUG_INFORMATION_FORMAT = "dwarf-with-dsym";
				ENABLE_NS_ASSERTIONS = NO;
				ENABLE_STRICT_OBJC_MSGSEND = YES;
				GCC_C_LANGUAGE_STANDARD = gnu11;
				GCC_NO_COMMON_BLOCKS = YES;
				GCC_WARN_64_TO_32_BIT_CONVERSION = YES;
				GCC_WARN_ABOUT_RETURN_TYPE = YES_ERROR;
				GCC_WARN_UNDECLARED_SELECTOR = YES;
				GCC_WARN_UNINITIALIZED_AUTOS = YES_AGGRESSIVE;
				GCC_WARN_UNUSED_FUNCTION = YES;
				GCC_WARN_UNUSED_VARIABLE = YES;
				IPHONEOS_DEPLOYMENT_TARGET = 11.3;
				MTL_ENABLE_DEBUG_INFO = NO;
				SDKROOT = iphoneos;
				SWIFT_COMPILATION_MODE = wholemodule;
				SWIFT_OPTIMIZATION_LEVEL = "-O";
				VALIDATE_PRODUCT = YES;
			};
			name = Release;
		};
		6055DE3B207D9284009D0D41 /* Debug */ = {
			isa = XCBuildConfiguration;
			buildSettings = {
				ASSETCATALOG_COMPILER_APPICON_NAME = AppIcon;
				CODE_SIGN_STYLE = Automatic;
				DEVELOPMENT_TEAM = XY2ER2LUTA;
				INFOPLIST_FILE = LiveWaves/Info.plist;
				LD_RUNPATH_SEARCH_PATHS = (
					"$(inherited)",
					"@executable_path/Frameworks",
				);
				PRODUCT_BUNDLE_IDENTIFIER = com.Fr3qfly.LiveWaves;
				PRODUCT_NAME = "$(TARGET_NAME)";
				SWIFT_VERSION = 4.0;
				TARGETED_DEVICE_FAMILY = "1,2";
			};
			name = Debug;
		};
		6055DE3C207D9284009D0D41 /* Release */ = {
			isa = XCBuildConfiguration;
			buildSettings = {
				ASSETCATALOG_COMPILER_APPICON_NAME = AppIcon;
				CODE_SIGN_STYLE = Automatic;
				DEVELOPMENT_TEAM = XY2ER2LUTA;
				INFOPLIST_FILE = LiveWaves/Info.plist;
				LD_RUNPATH_SEARCH_PATHS = (
					"$(inherited)",
					"@executable_path/Frameworks",
				);
				PRODUCT_BUNDLE_IDENTIFIER = com.Fr3qfly.LiveWaves;
				PRODUCT_NAME = "$(TARGET_NAME)";
				SWIFT_VERSION = 4.0;
				TARGETED_DEVICE_FAMILY = "1,2";
			};
			name = Release;
		};
		6055DE3E207D9284009D0D41 /* Debug */ = {
			isa = XCBuildConfiguration;
			buildSettings = {
				ALWAYS_EMBED_SWIFT_STANDARD_LIBRARIES = YES;
				BUNDLE_LOADER = "$(TEST_HOST)";
				CODE_SIGN_STYLE = Automatic;
				DEVELOPMENT_TEAM = XY2ER2LUTA;
				INFOPLIST_FILE = LiveWavesTests/Info.plist;
				LD_RUNPATH_SEARCH_PATHS = (
					"$(inherited)",
					"@executable_path/Frameworks",
					"@loader_path/Frameworks",
				);
				PRODUCT_BUNDLE_IDENTIFIER = com.Fr3qfly.LiveWavesTests;
				PRODUCT_NAME = "$(TARGET_NAME)";
				SWIFT_VERSION = 4.0;
				TARGETED_DEVICE_FAMILY = "1,2";
				TEST_HOST = "$(BUILT_PRODUCTS_DIR)/LiveWaves.app/LiveWaves";
			};
			name = Debug;
		};
		6055DE3F207D9284009D0D41 /* Release */ = {
			isa = XCBuildConfiguration;
			buildSettings = {
				ALWAYS_EMBED_SWIFT_STANDARD_LIBRARIES = YES;
				BUNDLE_LOADER = "$(TEST_HOST)";
				CODE_SIGN_STYLE = Automatic;
				DEVELOPMENT_TEAM = XY2ER2LUTA;
				INFOPLIST_FILE = LiveWavesTests/Info.plist;
				LD_RUNPATH_SEARCH_PATHS = (
					"$(inherited)",
					"@executable_path/Frameworks",
					"@loader_path/Frameworks",
				);
				PRODUCT_BUNDLE_IDENTIFIER = com.Fr3qfly.LiveWavesTests;
				PRODUCT_NAME = "$(TARGET_NAME)";
				SWIFT_VERSION = 4.0;
				TARGETED_DEVICE_FAMILY = "1,2";
				TEST_HOST = "$(BUILT_PRODUCTS_DIR)/LiveWaves.app/LiveWaves";
			};
			name = Release;
		};
		6055DE41207D9284009D0D41 /* Debug */ = {
			isa = XCBuildConfiguration;
			buildSettings = {
				ALWAYS_EMBED_SWIFT_STANDARD_LIBRARIES = YES;
				CODE_SIGN_STYLE = Automatic;
				DEVELOPMENT_TEAM = XY2ER2LUTA;
				INFOPLIST_FILE = LiveWavesUITests/Info.plist;
				LD_RUNPATH_SEARCH_PATHS = (
					"$(inherited)",
					"@executable_path/Frameworks",
					"@loader_path/Frameworks",
				);
				PRODUCT_BUNDLE_IDENTIFIER = com.Fr3qfly.LiveWavesUITests;
				PRODUCT_NAME = "$(TARGET_NAME)";
				SWIFT_VERSION = 4.0;
				TARGETED_DEVICE_FAMILY = "1,2";
				TEST_TARGET_NAME = LiveWaves;
			};
			name = Debug;
		};
		6055DE42207D9284009D0D41 /* Release */ = {
			isa = XCBuildConfiguration;
			buildSettings = {
				ALWAYS_EMBED_SWIFT_STANDARD_LIBRARIES = YES;
				CODE_SIGN_STYLE = Automatic;
				DEVELOPMENT_TEAM = XY2ER2LUTA;
				INFOPLIST_FILE = LiveWavesUITests/Info.plist;
				LD_RUNPATH_SEARCH_PATHS = (
					"$(inherited)",
					"@executable_path/Frameworks",
					"@loader_path/Frameworks",
				);
				PRODUCT_BUNDLE_IDENTIFIER = com.Fr3qfly.LiveWavesUITests;
				PRODUCT_NAME = "$(TARGET_NAME)";
				SWIFT_VERSION = 4.0;
				TARGETED_DEVICE_FAMILY = "1,2";
				TEST_TARGET_NAME = LiveWaves;
			};
			name = Release;
		};
/* End XCBuildConfiguration section */

/* Begin XCConfigurationList section */
		6055DE0A207D9280009D0D41 /* Build configuration list for PBXProject "LiveWaves" */ = {
			isa = XCConfigurationList;
			buildConfigurations = (
				6055DE38207D9284009D0D41 /* Debug */,
				6055DE39207D9284009D0D41 /* Release */,
			);
			defaultConfigurationIsVisible = 0;
			defaultConfigurationName = Release;
		};
		6055DE3A207D9284009D0D41 /* Build configuration list for PBXNativeTarget "LiveWaves" */ = {
			isa = XCConfigurationList;
			buildConfigurations = (
				6055DE3B207D9284009D0D41 /* Debug */,
				6055DE3C207D9284009D0D41 /* Release */,
			);
			defaultConfigurationIsVisible = 0;
			defaultConfigurationName = Release;
		};
		6055DE3D207D9284009D0D41 /* Build configuration list for PBXNativeTarget "LiveWavesTests" */ = {
			isa = XCConfigurationList;
			buildConfigurations = (
				6055DE3E207D9284009D0D41 /* Debug */,
				6055DE3F207D9284009D0D41 /* Release */,
			);
			defaultConfigurationIsVisible = 0;
			defaultConfigurationName = Release;
		};
		6055DE40207D9284009D0D41 /* Build configuration list for PBXNativeTarget "LiveWavesUITests" */ = {
			isa = XCConfigurationList;
			buildConfigurations = (
				6055DE41207D9284009D0D41 /* Debug */,
				6055DE42207D9284009D0D41 /* Release */,
			);
			defaultConfigurationIsVisible = 0;
			defaultConfigurationName = Release;
		};
/* End XCConfigurationList section */

/* Begin XCVersionGroup section */
		6055DE19207D9280009D0D41 /* LiveWaves.xcdatamodeld */ = {
			isa = XCVersionGroup;
			children = (
				6055DE1A207D9280009D0D41 /* LiveWaves.xcdatamodel */,
			);
			currentVersion = 6055DE1A207D9280009D0D41 /* LiveWaves.xcdatamodel */;
			path = LiveWaves.xcdatamodeld;
			sourceTree = "<group>";
			versionGroupType = wrapper.xcdatamodel;
		};
/* End XCVersionGroup section */
	};
	rootObject = 6055DE07207D9280009D0D41 /* Project object */;
}
